// !$*UTF8*$!
{
	archiveVersion = 1;
	classes = {
	};
	objectVersion = 55;
	objects = {

/* Begin PBXBuildFile section */
		74153908284DC7B500FAF466 /* SearchCityCell.swift in Sources */ = {isa = PBXBuildFile; fileRef = 74153907284DC7B500FAF466 /* SearchCityCell.swift */; };
		7415390A284DE09B00FAF466 /* CitiesNavigationViewController.swift in Sources */ = {isa = PBXBuildFile; fileRef = 74153909284DE09B00FAF466 /* CitiesNavigationViewController.swift */; };
		7415390F284F785B00FAF466 /* Localizable.strings in Resources */ = {isa = PBXBuildFile; fileRef = 7415390E284F785B00FAF466 /* Localizable.strings */; };
		74153911284FD48400FAF466 /* readme.md in Resources */ = {isa = PBXBuildFile; fileRef = 74153910284FD48400FAF466 /* readme.md */; };
		74BD65E02848A7B1007B7B6F /* AppDelegate.swift in Sources */ = {isa = PBXBuildFile; fileRef = 74BD65DF2848A7B1007B7B6F /* AppDelegate.swift */; };
		74BD65E22848A7B1007B7B6F /* SceneDelegate.swift in Sources */ = {isa = PBXBuildFile; fileRef = 74BD65E12848A7B1007B7B6F /* SceneDelegate.swift */; };
		74BD65E42848A7B1007B7B6F /* WeatherViewController.swift in Sources */ = {isa = PBXBuildFile; fileRef = 74BD65E32848A7B1007B7B6F /* WeatherViewController.swift */; };
		74BD65E92848A7B2007B7B6F /* Assets.xcassets in Resources */ = {isa = PBXBuildFile; fileRef = 74BD65E82848A7B2007B7B6F /* Assets.xcassets */; };
		74BD65EC2848A7B2007B7B6F /* LaunchScreen.storyboard in Resources */ = {isa = PBXBuildFile; fileRef = 74BD65EA2848A7B2007B7B6F /* LaunchScreen.storyboard */; };
		74BD65F62848A95F007B7B6F /* Extension + Anchors.swift in Sources */ = {isa = PBXBuildFile; fileRef = 74BD65F52848A95F007B7B6F /* Extension + Anchors.swift */; };
		74BD65F82848A993007B7B6F /* Extension + UIColor.swift in Sources */ = {isa = PBXBuildFile; fileRef = 74BD65F72848A993007B7B6F /* Extension + UIColor.swift */; };
		74BD65FB2848AA46007B7B6F /* Extension + UIButton.swift in Sources */ = {isa = PBXBuildFile; fileRef = 74BD65FA2848AA46007B7B6F /* Extension + UIButton.swift */; };
		74BD65FD2848E567007B7B6F /* Extension + UIViewController.swift in Sources */ = {isa = PBXBuildFile; fileRef = 74BD65FC2848E567007B7B6F /* Extension + UIViewController.swift */; };
		74BD66072848F4F8007B7B6F /* Extension + UILabel.swift in Sources */ = {isa = PBXBuildFile; fileRef = 74BD66062848F4F8007B7B6F /* Extension + UILabel.swift */; };
		74BD66112849F201007B7B6F /* CurrentWeatherCell.swift in Sources */ = {isa = PBXBuildFile; fileRef = 74BD66102849F201007B7B6F /* CurrentWeatherCell.swift */; };
		74BD6613284A0651007B7B6F /* MainNetworkService.swift in Sources */ = {isa = PBXBuildFile; fileRef = 74BD6612284A0651007B7B6F /* MainNetworkService.swift */; };
		74BD6615284A0858007B7B6F /* HourlyWeatherCell.swift in Sources */ = {isa = PBXBuildFile; fileRef = 74BD6614284A0858007B7B6F /* HourlyWeatherCell.swift */; };
		74BD6617284A3723007B7B6F /* WeatherModel.swift in Sources */ = {isa = PBXBuildFile; fileRef = 74BD6616284A3723007B7B6F /* WeatherModel.swift */; };
		74BD6619284A3862007B7B6F /* WeeklyWeatherCell.swift in Sources */ = {isa = PBXBuildFile; fileRef = 74BD6618284A3862007B7B6F /* WeeklyWeatherCell.swift */; };
		74BD661D284B2DFB007B7B6F /* Extension + NSCollectionLayoutSection.swift in Sources */ = {isa = PBXBuildFile; fileRef = 74BD661C284B2DFB007B7B6F /* Extension + NSCollectionLayoutSection.swift */; };
		74BD6621284BDEF4007B7B6F /* PageViewController.swift in Sources */ = {isa = PBXBuildFile; fileRef = 74BD6620284BDEF4007B7B6F /* PageViewController.swift */; };
		74BD6627284CECB8007B7B6F /* SearchCityViewController.swift in Sources */ = {isa = PBXBuildFile; fileRef = 74BD6626284CECB8007B7B6F /* SearchCityViewController.swift */; };
		74BD6629284D0AEB007B7B6F /* SearchModel.swift in Sources */ = {isa = PBXBuildFile; fileRef = 74BD6628284D0AEB007B7B6F /* SearchModel.swift */; };
		74BD662B284D0BF9007B7B6F /* SearchCityNetworkService.swift in Sources */ = {isa = PBXBuildFile; fileRef = 74BD662A284D0BF9007B7B6F /* SearchCityNetworkService.swift */; };
		74BD6632284D376A007B7B6F /* CitiesArrayCache.swift in Sources */ = {isa = PBXBuildFile; fileRef = 74BD6631284D376A007B7B6F /* CitiesArrayCache.swift */; };
/* End PBXBuildFile section */

/* Begin PBXFileReference section */
		74153907284DC7B500FAF466 /* SearchCityCell.swift */ = {isa = PBXFileReference; lastKnownFileType = sourcecode.swift; path = SearchCityCell.swift; sourceTree = "<group>"; };
		74153909284DE09B00FAF466 /* CitiesNavigationViewController.swift */ = {isa = PBXFileReference; lastKnownFileType = sourcecode.swift; path = CitiesNavigationViewController.swift; sourceTree = "<group>"; };
		7415390E284F785B00FAF466 /* Localizable.strings */ = {isa = PBXFileReference; lastKnownFileType = text.plist.strings; path = Localizable.strings; sourceTree = "<group>"; };
		74153910284FD48400FAF466 /* readme.md */ = {isa = PBXFileReference; lastKnownFileType = net.daringfireball.markdown; path = readme.md; sourceTree = "<group>"; };
		74BD65DC2848A7B1007B7B6F /* WeatherProject.app */ = {isa = PBXFileReference; explicitFileType = wrapper.application; includeInIndex = 0; path = WeatherProject.app; sourceTree = BUILT_PRODUCTS_DIR; };
		74BD65DF2848A7B1007B7B6F /* AppDelegate.swift */ = {isa = PBXFileReference; lastKnownFileType = sourcecode.swift; path = AppDelegate.swift; sourceTree = "<group>"; };
		74BD65E12848A7B1007B7B6F /* SceneDelegate.swift */ = {isa = PBXFileReference; lastKnownFileType = sourcecode.swift; path = SceneDelegate.swift; sourceTree = "<group>"; };
		74BD65E32848A7B1007B7B6F /* WeatherViewController.swift */ = {isa = PBXFileReference; lastKnownFileType = sourcecode.swift; path = WeatherViewController.swift; sourceTree = "<group>"; };
		74BD65E82848A7B2007B7B6F /* Assets.xcassets */ = {isa = PBXFileReference; lastKnownFileType = folder.assetcatalog; path = Assets.xcassets; sourceTree = "<group>"; };
		74BD65EB2848A7B2007B7B6F /* Base */ = {isa = PBXFileReference; lastKnownFileType = file.storyboard; name = Base; path = Base.lproj/LaunchScreen.storyboard; sourceTree = "<group>"; };
		74BD65ED2848A7B2007B7B6F /* Info.plist */ = {isa = PBXFileReference; lastKnownFileType = text.plist.xml; path = Info.plist; sourceTree = "<group>"; };
		74BD65F52848A95F007B7B6F /* Extension + Anchors.swift */ = {isa = PBXFileReference; lastKnownFileType = sourcecode.swift; path = "Extension + Anchors.swift"; sourceTree = "<group>"; };
		74BD65F72848A993007B7B6F /* Extension + UIColor.swift */ = {isa = PBXFileReference; lastKnownFileType = sourcecode.swift; path = "Extension + UIColor.swift"; sourceTree = "<group>"; };
		74BD65FA2848AA46007B7B6F /* Extension + UIButton.swift */ = {isa = PBXFileReference; lastKnownFileType = sourcecode.swift; path = "Extension + UIButton.swift"; sourceTree = "<group>"; };
		74BD65FC2848E567007B7B6F /* Extension + UIViewController.swift */ = {isa = PBXFileReference; lastKnownFileType = sourcecode.swift; path = "Extension + UIViewController.swift"; sourceTree = "<group>"; };
		74BD66062848F4F8007B7B6F /* Extension + UILabel.swift */ = {isa = PBXFileReference; lastKnownFileType = sourcecode.swift; path = "Extension + UILabel.swift"; sourceTree = "<group>"; };
		74BD66102849F201007B7B6F /* CurrentWeatherCell.swift */ = {isa = PBXFileReference; lastKnownFileType = sourcecode.swift; path = CurrentWeatherCell.swift; sourceTree = "<group>"; };
		74BD6612284A0651007B7B6F /* MainNetworkService.swift */ = {isa = PBXFileReference; lastKnownFileType = sourcecode.swift; path = MainNetworkService.swift; sourceTree = "<group>"; };
		74BD6614284A0858007B7B6F /* HourlyWeatherCell.swift */ = {isa = PBXFileReference; lastKnownFileType = sourcecode.swift; path = HourlyWeatherCell.swift; sourceTree = "<group>"; };
		74BD6616284A3723007B7B6F /* WeatherModel.swift */ = {isa = PBXFileReference; lastKnownFileType = sourcecode.swift; path = WeatherModel.swift; sourceTree = "<group>"; };
		74BD6618284A3862007B7B6F /* WeeklyWeatherCell.swift */ = {isa = PBXFileReference; lastKnownFileType = sourcecode.swift; path = WeeklyWeatherCell.swift; sourceTree = "<group>"; };
		74BD661C284B2DFB007B7B6F /* Extension + NSCollectionLayoutSection.swift */ = {isa = PBXFileReference; lastKnownFileType = sourcecode.swift; path = "Extension + NSCollectionLayoutSection.swift"; sourceTree = "<group>"; };
		74BD6620284BDEF4007B7B6F /* PageViewController.swift */ = {isa = PBXFileReference; lastKnownFileType = sourcecode.swift; path = PageViewController.swift; sourceTree = "<group>"; };
		74BD6626284CECB8007B7B6F /* SearchCityViewController.swift */ = {isa = PBXFileReference; lastKnownFileType = sourcecode.swift; path = SearchCityViewController.swift; sourceTree = "<group>"; };
		74BD6628284D0AEB007B7B6F /* SearchModel.swift */ = {isa = PBXFileReference; lastKnownFileType = sourcecode.swift; path = SearchModel.swift; sourceTree = "<group>"; };
		74BD662A284D0BF9007B7B6F /* SearchCityNetworkService.swift */ = {isa = PBXFileReference; lastKnownFileType = sourcecode.swift; path = SearchCityNetworkService.swift; sourceTree = "<group>"; };
		74BD6631284D376A007B7B6F /* CitiesArrayCache.swift */ = {isa = PBXFileReference; lastKnownFileType = sourcecode.swift; path = CitiesArrayCache.swift; sourceTree = "<group>"; };
/* End PBXFileReference section */

/* Begin PBXFrameworksBuildPhase section */
		74BD65D92848A7B1007B7B6F /* Frameworks */ = {
			isa = PBXFrameworksBuildPhase;
			buildActionMask = 2147483647;
			files = (
			);
			runOnlyForDeploymentPostprocessing = 0;
		};
/* End PBXFrameworksBuildPhase section */

/* Begin PBXGroup section */
		7415390B284DEDA100FAF466 /* CitiesNavigation_Module */ = {
			isa = PBXGroup;
			children = (
				74153909284DE09B00FAF466 /* CitiesNavigationViewController.swift */,
			);
			path = CitiesNavigation_Module;
			sourceTree = "<group>";
		};
		74BD65D32848A7B1007B7B6F = {
			isa = PBXGroup;
			children = (
				74153910284FD48400FAF466 /* readme.md */,
				74BD65DE2848A7B1007B7B6F /* WeatherProject */,
				74BD65DD2848A7B1007B7B6F /* Products */,
			);
			sourceTree = "<group>";
		};
		74BD65DD2848A7B1007B7B6F /* Products */ = {
			isa = PBXGroup;
			children = (
				74BD65DC2848A7B1007B7B6F /* WeatherProject.app */,
			);
			name = Products;
			sourceTree = "<group>";
		};
		74BD65DE2848A7B1007B7B6F /* WeatherProject */ = {
			isa = PBXGroup;
			children = (
				74BD65F32848A913007B7B6F /* App */,
				74BD65F92848A9AA007B7B6F /* Extensions */,
				74BD660F284910E7007B7B6F /* Supporting */,
				74BD660C284906A9007B7B6F /* Models */,
				74BD65F42848A921007B7B6F /* Main_Module */,
				74BD662C284D0C19007B7B6F /* SearchCity_Module */,
				7415390B284DEDA100FAF466 /* CitiesNavigation_Module */,
				74BD65E82848A7B2007B7B6F /* Assets.xcassets */,
				74BD65ED2848A7B2007B7B6F /* Info.plist */,
				7415390E284F785B00FAF466 /* Localizable.strings */,
			);
			path = WeatherProject;
			sourceTree = "<group>";
		};
		74BD65F32848A913007B7B6F /* App */ = {
			isa = PBXGroup;
			children = (
				74BD65DF2848A7B1007B7B6F /* AppDelegate.swift */,
				74BD65E12848A7B1007B7B6F /* SceneDelegate.swift */,
				74BD65EA2848A7B2007B7B6F /* LaunchScreen.storyboard */,
			);
			path = App;
			sourceTree = "<group>";
		};
		74BD65F42848A921007B7B6F /* Main_Module */ = {
			isa = PBXGroup;
			children = (
				74BD662D284D0C3D007B7B6F /* View */,
				74BD662E284D0C43007B7B6F /* Network */,
			);
			path = Main_Module;
			sourceTree = "<group>";
		};
		74BD65F92848A9AA007B7B6F /* Extensions */ = {
			isa = PBXGroup;
			children = (
				74BD65F52848A95F007B7B6F /* Extension + Anchors.swift */,
				74BD65F72848A993007B7B6F /* Extension + UIColor.swift */,
				74BD65FA2848AA46007B7B6F /* Extension + UIButton.swift */,
				74BD66062848F4F8007B7B6F /* Extension + UILabel.swift */,
				74BD65FC2848E567007B7B6F /* Extension + UIViewController.swift */,
				74BD661C284B2DFB007B7B6F /* Extension + NSCollectionLayoutSection.swift */,
			);
			path = Extensions;
			sourceTree = "<group>";
		};
		74BD660C284906A9007B7B6F /* Models */ = {
			isa = PBXGroup;
			children = (
				74BD6616284A3723007B7B6F /* WeatherModel.swift */,
				74BD6628284D0AEB007B7B6F /* SearchModel.swift */,
			);
			path = Models;
			sourceTree = "<group>";
		};
		74BD660F284910E7007B7B6F /* Supporting */ = {
			isa = PBXGroup;
			children = (
				74BD6631284D376A007B7B6F /* CitiesArrayCache.swift */,
			);
			path = Supporting;
			sourceTree = "<group>";
		};
		74BD662C284D0C19007B7B6F /* SearchCity_Module */ = {
			isa = PBXGroup;
			children = (
				74BD662F284D0C58007B7B6F /* View */,
				74BD6630284D0C63007B7B6F /* Network */,
			);
			path = SearchCity_Module;
			sourceTree = "<group>";
		};
		74BD662D284D0C3D007B7B6F /* View */ = {
			isa = PBXGroup;
			children = (
				74BD6620284BDEF4007B7B6F /* PageViewController.swift */,
				74BD65E32848A7B1007B7B6F /* WeatherViewController.swift */,
				74BD66102849F201007B7B6F /* CurrentWeatherCell.swift */,
				74BD6614284A0858007B7B6F /* HourlyWeatherCell.swift */,
				74BD6618284A3862007B7B6F /* WeeklyWeatherCell.swift */,
			);
			path = View;
			sourceTree = "<group>";
		};
		74BD662E284D0C43007B7B6F /* Network */ = {
			isa = PBXGroup;
			children = (
				74BD6612284A0651007B7B6F /* MainNetworkService.swift */,
			);
			path = Network;
			sourceTree = "<group>";
		};
		74BD662F284D0C58007B7B6F /* View */ = {
			isa = PBXGroup;
			children = (
				74BD6626284CECB8007B7B6F /* SearchCityViewController.swift */,
				74153907284DC7B500FAF466 /* SearchCityCell.swift */,
			);
			path = View;
			sourceTree = "<group>";
		};
		74BD6630284D0C63007B7B6F /* Network */ = {
			isa = PBXGroup;
			children = (
				74BD662A284D0BF9007B7B6F /* SearchCityNetworkService.swift */,
			);
			path = Network;
			sourceTree = "<group>";
		};
/* End PBXGroup section */

/* Begin PBXNativeTarget section */
		74BD65DB2848A7B1007B7B6F /* WeatherProject */ = {
			isa = PBXNativeTarget;
			buildConfigurationList = 74BD65F02848A7B2007B7B6F /* Build configuration list for PBXNativeTarget "WeatherProject" */;
			buildPhases = (
				74BD65D82848A7B1007B7B6F /* Sources */,
				74BD65D92848A7B1007B7B6F /* Frameworks */,
				74BD65DA2848A7B1007B7B6F /* Resources */,
			);
			buildRules = (
			);
			dependencies = (
			);
			name = WeatherProject;
			productName = WeatherProject;
			productReference = 74BD65DC2848A7B1007B7B6F /* WeatherProject.app */;
			productType = "com.apple.product-type.application";
		};
/* End PBXNativeTarget section */

/* Begin PBXProject section */
		74BD65D42848A7B1007B7B6F /* Project object */ = {
			isa = PBXProject;
			attributes = {
				BuildIndependentTargetsInParallel = 1;
				LastSwiftUpdateCheck = 1330;
				LastUpgradeCheck = 1330;
				TargetAttributes = {
					74BD65DB2848A7B1007B7B6F = {
						CreatedOnToolsVersion = 13.3;
					};
				};
			};
			buildConfigurationList = 74BD65D72848A7B1007B7B6F /* Build configuration list for PBXProject "WeatherProject" */;
			compatibilityVersion = "Xcode 13.0";
			developmentRegion = en;
			hasScannedForEncodings = 0;
			knownRegions = (
				en,
				Base,
			);
			mainGroup = 74BD65D32848A7B1007B7B6F;
			productRefGroup = 74BD65DD2848A7B1007B7B6F /* Products */;
			projectDirPath = "";
			projectRoot = "";
			targets = (
				74BD65DB2848A7B1007B7B6F /* WeatherProject */,
			);
		};
/* End PBXProject section */

/* Begin PBXResourcesBuildPhase section */
		74BD65DA2848A7B1007B7B6F /* Resources */ = {
			isa = PBXResourcesBuildPhase;
			buildActionMask = 2147483647;
			files = (
				74BD65EC2848A7B2007B7B6F /* LaunchScreen.storyboard in Resources */,
				7415390F284F785B00FAF466 /* Localizable.strings in Resources */,
				74153911284FD48400FAF466 /* readme.md in Resources */,
				74BD65E92848A7B2007B7B6F /* Assets.xcassets in Resources */,
			);
			runOnlyForDeploymentPostprocessing = 0;
		};
/* End PBXResourcesBuildPhase section */

/* Begin PBXSourcesBuildPhase section */
		74BD65D82848A7B1007B7B6F /* Sources */ = {
			isa = PBXSourcesBuildPhase;
			buildActionMask = 2147483647;
			files = (
				74BD65E42848A7B1007B7B6F /* WeatherViewController.swift in Sources */,
				74BD6629284D0AEB007B7B6F /* SearchModel.swift in Sources */,
				74BD6619284A3862007B7B6F /* WeeklyWeatherCell.swift in Sources */,
				74BD65FD2848E567007B7B6F /* Extension + UIViewController.swift in Sources */,
				74BD6632284D376A007B7B6F /* CitiesArrayCache.swift in Sources */,
				74BD6617284A3723007B7B6F /* WeatherModel.swift in Sources */,
				7415390A284DE09B00FAF466 /* CitiesNavigationViewController.swift in Sources */,
				74BD6613284A0651007B7B6F /* MainNetworkService.swift in Sources */,
				74BD661D284B2DFB007B7B6F /* Extension + NSCollectionLayoutSection.swift in Sources */,
				74BD66072848F4F8007B7B6F /* Extension + UILabel.swift in Sources */,
				74BD65FB2848AA46007B7B6F /* Extension + UIButton.swift in Sources */,
				74BD65E02848A7B1007B7B6F /* AppDelegate.swift in Sources */,
				74BD66112849F201007B7B6F /* CurrentWeatherCell.swift in Sources */,
				74BD65F62848A95F007B7B6F /* Extension + Anchors.swift in Sources */,
				74BD6627284CECB8007B7B6F /* SearchCityViewController.swift in Sources */,
				74BD6615284A0858007B7B6F /* HourlyWeatherCell.swift in Sources */,
				74BD662B284D0BF9007B7B6F /* SearchCityNetworkService.swift in Sources */,
				74BD6621284BDEF4007B7B6F /* PageViewController.swift in Sources */,
				74BD65E22848A7B1007B7B6F /* SceneDelegate.swift in Sources */,
				74153908284DC7B500FAF466 /* SearchCityCell.swift in Sources */,
				74BD65F82848A993007B7B6F /* Extension + UIColor.swift in Sources */,
			);
			runOnlyForDeploymentPostprocessing = 0;
		};
/* End PBXSourcesBuildPhase section */

/* Begin PBXVariantGroup section */
		74BD65EA2848A7B2007B7B6F /* LaunchScreen.storyboard */ = {
			isa = PBXVariantGroup;
			children = (
				74BD65EB2848A7B2007B7B6F /* Base */,
			);
			name = LaunchScreen.storyboard;
			sourceTree = "<group>";
		};
/* End PBXVariantGroup section */

/* Begin XCBuildConfiguration section */
		74BD65EE2848A7B2007B7B6F /* Debug */ = {
			isa = XCBuildConfiguration;
			buildSettings = {
				ALWAYS_SEARCH_USER_PATHS = NO;
				CLANG_ANALYZER_LOCALIZABILITY_NONLOCALIZED = YES;
				CLANG_ANALYZER_NONNULL = YES;
				CLANG_ANALYZER_NUMBER_OBJECT_CONVERSION = YES_AGGRESSIVE;
				CLANG_CXX_LANGUAGE_STANDARD = "gnu++17";
				CLANG_ENABLE_MODULES = YES;
				CLANG_ENABLE_OBJC_ARC = YES;
				CLANG_ENABLE_OBJC_WEAK = YES;
				CLANG_WARN_BLOCK_CAPTURE_AUTORELEASING = YES;
				CLANG_WARN_BOOL_CONVERSION = YES;
				CLANG_WARN_COMMA = YES;
				CLANG_WARN_CONSTANT_CONVERSION = YES;
				CLANG_WARN_DEPRECATED_OBJC_IMPLEMENTATIONS = YES;
				CLANG_WARN_DIRECT_OBJC_ISA_USAGE = YES_ERROR;
				CLANG_WARN_DOCUMENTATION_COMMENTS = YES;
				CLANG_WARN_EMPTY_BODY = YES;
				CLANG_WARN_ENUM_CONVERSION = YES;
				CLANG_WARN_INFINITE_RECURSION = YES;
				CLANG_WARN_INT_CONVERSION = YES;
				CLANG_WARN_NON_LITERAL_NULL_CONVERSION = YES;
				CLANG_WARN_OBJC_IMPLICIT_RETAIN_SELF = YES;
				CLANG_WARN_OBJC_LITERAL_CONVERSION = YES;
				CLANG_WARN_OBJC_ROOT_CLASS = YES_ERROR;
				CLANG_WARN_QUOTED_INCLUDE_IN_FRAMEWORK_HEADER = YES;
				CLANG_WARN_RANGE_LOOP_ANALYSIS = YES;
				CLANG_WARN_STRICT_PROTOTYPES = YES;
				CLANG_WARN_SUSPICIOUS_MOVE = YES;
				CLANG_WARN_UNGUARDED_AVAILABILITY = YES_AGGRESSIVE;
				CLANG_WARN_UNREACHABLE_CODE = YES;
				CLANG_WARN__DUPLICATE_METHOD_MATCH = YES;
				COPY_PHASE_STRIP = NO;
				DEBUG_INFORMATION_FORMAT = dwarf;
				ENABLE_STRICT_OBJC_MSGSEND = YES;
				ENABLE_TESTABILITY = YES;
				GCC_C_LANGUAGE_STANDARD = gnu11;
				GCC_DYNAMIC_NO_PIC = NO;
				GCC_NO_COMMON_BLOCKS = YES;
				GCC_OPTIMIZATION_LEVEL = 0;
				GCC_PREPROCESSOR_DEFINITIONS = (
					"DEBUG=1",
					"$(inherited)",
				);
				GCC_WARN_64_TO_32_BIT_CONVERSION = YES;
				GCC_WARN_ABOUT_RETURN_TYPE = YES_ERROR;
				GCC_WARN_UNDECLARED_SELECTOR = YES;
				GCC_WARN_UNINITIALIZED_AUTOS = YES_AGGRESSIVE;
				GCC_WARN_UNUSED_FUNCTION = YES;
				GCC_WARN_UNUSED_VARIABLE = YES;
				IPHONEOS_DEPLOYMENT_TARGET = 15.4;
				MTL_ENABLE_DEBUG_INFO = INCLUDE_SOURCE;
				MTL_FAST_MATH = YES;
				ONLY_ACTIVE_ARCH = YES;
				SDKROOT = iphoneos;
				SWIFT_ACTIVE_COMPILATION_CONDITIONS = DEBUG;
				SWIFT_OPTIMIZATION_LEVEL = "-Onone";
			};
			name = Debug;
		};
		74BD65EF2848A7B2007B7B6F /* Release */ = {
			isa = XCBuildConfiguration;
			buildSettings = {
				ALWAYS_SEARCH_USER_PATHS = NO;
				CLANG_ANALYZER_LOCALIZABILITY_NONLOCALIZED = YES;
				CLANG_ANALYZER_NONNULL = YES;
				CLANG_ANALYZER_NUMBER_OBJECT_CONVERSION = YES_AGGRESSIVE;
				CLANG_CXX_LANGUAGE_STANDARD = "gnu++17";
				CLANG_ENABLE_MODULES = YES;
				CLANG_ENABLE_OBJC_ARC = YES;
				CLANG_ENABLE_OBJC_WEAK = YES;
				CLANG_WARN_BLOCK_CAPTURE_AUTORELEASING = YES;
				CLANG_WARN_BOOL_CONVERSION = YES;
				CLANG_WARN_COMMA = YES;
				CLANG_WARN_CONSTANT_CONVERSION = YES;
				CLANG_WARN_DEPRECATED_OBJC_IMPLEMENTATIONS = YES;
				CLANG_WARN_DIRECT_OBJC_ISA_USAGE = YES_ERROR;
				CLANG_WARN_DOCUMENTATION_COMMENTS = YES;
				CLANG_WARN_EMPTY_BODY = YES;
				CLANG_WARN_ENUM_CONVERSION = YES;
				CLANG_WARN_INFINITE_RECURSION = YES;
				CLANG_WARN_INT_CONVERSION = YES;
				CLANG_WARN_NON_LITERAL_NULL_CONVERSION = YES;
				CLANG_WARN_OBJC_IMPLICIT_RETAIN_SELF = YES;
				CLANG_WARN_OBJC_LITERAL_CONVERSION = YES;
				CLANG_WARN_OBJC_ROOT_CLASS = YES_ERROR;
				CLANG_WARN_QUOTED_INCLUDE_IN_FRAMEWORK_HEADER = YES;
				CLANG_WARN_RANGE_LOOP_ANALYSIS = YES;
				CLANG_WARN_STRICT_PROTOTYPES = YES;
				CLANG_WARN_SUSPICIOUS_MOVE = YES;
				CLANG_WARN_UNGUARDED_AVAILABILITY = YES_AGGRESSIVE;
				CLANG_WARN_UNREACHABLE_CODE = YES;
				CLANG_WARN__DUPLICATE_METHOD_MATCH = YES;
				COPY_PHASE_STRIP = NO;
				DEBUG_INFORMATION_FORMAT = "dwarf-with-dsym";
				ENABLE_NS_ASSERTIONS = NO;
				ENABLE_STRICT_OBJC_MSGSEND = YES;
				GCC_C_LANGUAGE_STANDARD = gnu11;
				GCC_NO_COMMON_BLOCKS = YES;
				GCC_WARN_64_TO_32_BIT_CONVERSION = YES;
				GCC_WARN_ABOUT_RETURN_TYPE = YES_ERROR;
				GCC_WARN_UNDECLARED_SELECTOR = YES;
				GCC_WARN_UNINITIALIZED_AUTOS = YES_AGGRESSIVE;
				GCC_WARN_UNUSED_FUNCTION = YES;
				GCC_WARN_UNUSED_VARIABLE = YES;
				IPHONEOS_DEPLOYMENT_TARGET = 15.4;
				MTL_ENABLE_DEBUG_INFO = NO;
				MTL_FAST_MATH = YES;
				SDKROOT = iphoneos;
				SWIFT_COMPILATION_MODE = wholemodule;
				SWIFT_OPTIMIZATION_LEVEL = "-O";
				VALIDATE_PRODUCT = YES;
			};
			name = Release;
		};
		74BD65F12848A7B2007B7B6F /* Debug */ = {
			isa = XCBuildConfiguration;
			buildSettings = {
				ASSETCATALOG_COMPILER_APPICON_NAME = AppIcon;
				ASSETCATALOG_COMPILER_GLOBAL_ACCENT_COLOR_NAME = AccentColor;
				CODE_SIGN_STYLE = Automatic;
				CURRENT_PROJECT_VERSION = 1;
				DEVELOPMENT_TEAM = 385JD4STUM;
				GENERATE_INFOPLIST_FILE = YES;
				INFOPLIST_FILE = WeatherProject/Info.plist;
				INFOPLIST_KEY_UIApplicationSupportsIndirectInputEvents = YES;
				INFOPLIST_KEY_UILaunchStoryboardName = LaunchScreen;
				INFOPLIST_KEY_UISupportedInterfaceOrientations = UIInterfaceOrientationPortrait;
				INFOPLIST_KEY_UISupportedInterfaceOrientations_iPad = "UIInterfaceOrientationPortrait UIInterfaceOrientationPortraitUpsideDown UIInterfaceOrientationLandscapeLeft UIInterfaceOrientationLandscapeRight";
				INFOPLIST_KEY_UISupportedInterfaceOrientations_iPhone = "UIInterfaceOrientationPortrait UIInterfaceOrientationLandscapeLeft UIInterfaceOrientationLandscapeRight";
				IPHONEOS_DEPLOYMENT_TARGET = 13.4;
				LD_RUNPATH_SEARCH_PATHS = (
					"$(inherited)",
					"@executable_path/Frameworks",
				);
				MARKETING_VERSION = 1.0;
				PRODUCT_BUNDLE_IDENTIFIER = teamX.WeatherProject;
				PRODUCT_NAME = "$(TARGET_NAME)";
				SWIFT_EMIT_LOC_STRINGS = YES;
				SWIFT_VERSION = 5.0;
				TARGETED_DEVICE_FAMILY = 1;
			};
			name = Debug;
		};
		74BD65F22848A7B2007B7B6F /* Release */ = {
			isa = XCBuildConfiguration;
			buildSettings = {
				ASSETCATALOG_COMPILER_APPICON_NAME = AppIcon;
				ASSETCATALOG_COMPILER_GLOBAL_ACCENT_COLOR_NAME = AccentColor;
				CODE_SIGN_STYLE = Automatic;
				CURRENT_PROJECT_VERSION = 1;
				DEVELOPMENT_TEAM = 385JD4STUM;
				GENERATE_INFOPLIST_FILE = YES;
				INFOPLIST_FILE = WeatherProject/Info.plist;
				INFOPLIST_KEY_UIApplicationSupportsIndirectInputEvents = YES;
				INFOPLIST_KEY_UILaunchStoryboardName = LaunchScreen;
				INFOPLIST_KEY_UISupportedInterfaceOrientations = UIInterfaceOrientationPortrait;
				INFOPLIST_KEY_UISupportedInterfaceOrientations_iPad = "UIInterfaceOrientationPortrait UIInterfaceOrientationPortraitUpsideDown UIInterfaceOrientationLandscapeLeft UIInterfaceOrientationLandscapeRight";
				INFOPLIST_KEY_UISupportedInterfaceOrientations_iPhone = "UIInterfaceOrientationPortrait UIInterfaceOrientationLandscapeLeft UIInterfaceOrientationLandscapeRight";
				IPHONEOS_DEPLOYMENT_TARGET = 13.4;
				LD_RUNPATH_SEARCH_PATHS = (
					"$(inherited)",
					"@executable_path/Frameworks",
				);
				MARKETING_VERSION = 1.0;
				PRODUCT_BUNDLE_IDENTIFIER = teamX.WeatherProject;
				PRODUCT_NAME = "$(TARGET_NAME)";
				SWIFT_EMIT_LOC_STRINGS = YES;
				SWIFT_VERSION = 5.0;
				TARGETED_DEVICE_FAMILY = 1;
			};
			name = Release;
		};
/* End XCBuildConfiguration section */

/* Begin XCConfigurationList section */
		74BD65D72848A7B1007B7B6F /* Build configuration list for PBXProject "WeatherProject" */ = {
			isa = XCConfigurationList;
			buildConfigurations = (
				74BD65EE2848A7B2007B7B6F /* Debug */,
				74BD65EF2848A7B2007B7B6F /* Release */,
			);
			defaultConfigurationIsVisible = 0;
			defaultConfigurationName = Release;
		};
		74BD65F02848A7B2007B7B6F /* Build configuration list for PBXNativeTarget "WeatherProject" */ = {
			isa = XCConfigurationList;
			buildConfigurations = (
				74BD65F12848A7B2007B7B6F /* Debug */,
				74BD65F22848A7B2007B7B6F /* Release */,
			);
			defaultConfigurationIsVisible = 0;
			defaultConfigurationName = Release;
		};
/* End XCConfigurationList section */
	};
	rootObject = 74BD65D42848A7B1007B7B6F /* Project object */;
}
